
Microsoft Visual Studio Solution File, Format Version 12.00
# Visual Studio Version 16
VisualStudioVersion = 16.0.30804.86
MinimumVisualStudioVersion = 10.0.40219.1
Project("{FAE04EC0-301F-11D3-BF4B-00C04F79EFBC}") = "MicroBenchmark", "MicroBenchmark\MicroBenchmark.csproj", "{CCE87522-56E9-4786-BD7E-37C598A1E1F0}"
EndProject
Global
	GlobalSection(SolutionConfigurationPlatforms) = preSolution
		Debug|Any CPU = Debug|Any CPU
		Release|Any CPU = Release|Any CPU
	EndGlobalSection
	GlobalSection(ProjectConfigurationPlatforms) = postSolution
		{CCE87522-56E9-4786-BD7E-37C598A1E1F0}.Debug|Any CPU.ActiveCfg = Debug|Any CPU
		{CCE87522-56E9-4786-BD7E-37C598A1E1F0}.Debug|Any CPU.Build.0 = Debug|Any CPU
		{CCE87522-56E9-4786-BD7E-37C598A1E1F0}.Release|Any CPU.ActiveCfg = Release|Any CPU
		{CCE87522-56E9-4786-BD7E-37C598A1E1F0}.Release|Any CPU.Build.0 = Release|Any CPU
	EndGlobalSection
	GlobalSection(SolutionProperties) = preSolution
		HideSolutionNode = FALSE
	EndGlobalSection
	GlobalSection(ExtensibilityGlobals) = postSolution
		SolutionGuid = {822AB003-BD74-47C2-B785-F2287283AFC4}
	EndGlobalSection
EndGlobal
